
Microsoft Visual Studio Solution File, Format Version 12.00
# Visual Studio Version 17
VisualStudioVersion = 17.9.34701.34
MinimumVisualStudioVersion = 10.0.40219.1
Project("{9A19103F-16F7-4668-BE54-9A1E7A4F7556}") = "ST10390916CLDVPOE", "ST10390916CLDVPOE.csproj", "{0FD8A38C-620B-4F7B-B1D3-479EF6CCF44D}"
EndProject
Project("{9A19103F-16F7-4668-BE54-9A1E7A4F7556}") = "ST10390916Function", "..\ST10390916Functions\ST10390916Function.csproj", "{55CFE352-78A0-427A-94D0-4853B16EA820}"
EndProject
Global
	GlobalSection(SolutionConfigurationPlatforms) = preSolution
		Debug|Any CPU = Debug|Any CPU
		Release|Any CPU = Release|Any CPU
	EndGlobalSection
	GlobalSection(ProjectConfigurationPlatforms) = postSolution
		{0FD8A38C-620B-4F7B-B1D3-479EF6CCF44D}.Debug|Any CPU.ActiveCfg = Debug|Any CPU
		{0FD8A38C-620B-4F7B-B1D3-479EF6CCF44D}.Debug|Any CPU.Build.0 = Debug|Any CPU
		{0FD8A38C-620B-4F7B-B1D3-479EF6CCF44D}.Release|Any CPU.ActiveCfg = Release|Any CPU
		{0FD8A38C-620B-4F7B-B1D3-479EF6CCF44D}.Release|Any CPU.Build.0 = Release|Any CPU
		{55CFE352-78A0-427A-94D0-4853B16EA820}.Debug|Any CPU.ActiveCfg = Debug|Any CPU
		{55CFE352-78A0-427A-94D0-4853B16EA820}.Debug|Any CPU.Build.0 = Debug|Any CPU
		{55CFE352-78A0-427A-94D0-4853B16EA820}.Release|Any CPU.ActiveCfg = Release|Any CPU
		{55CFE352-78A0-427A-94D0-4853B16EA820}.Release|Any CPU.Build.0 = Release|Any CPU
	EndGlobalSection
	GlobalSection(SolutionProperties) = preSolution
		HideSolutionNode = FALSE
	EndGlobalSection
	GlobalSection(ExtensibilityGlobals) = postSolution
		SolutionGuid = {7BF0F671-8A41-43E8-BB26-35FC4ACE71D3}
	EndGlobalSection
EndGlobal
